{
  "nodes": {
    "crane": {
      "locked": {
        "lastModified": 1733688869,
        "narHash": "sha256-KrhxxFj1CjESDrL5+u/zsVH0K+Ik9tvoac/oFPoxSB8=",
        "owner": "ipetkov",
        "repo": "crane",
        "rev": "604637106e420ad99907cae401e13ab6b452e7d9",
        "type": "github"
      },
      "original": {
        "owner": "ipetkov",
        "repo": "crane",
        "type": "github"
      }
    },
    "garnix-lib": {
      "inputs": {
        "nixpkgs": "nixpkgs"
      },
      "locked": {
        "lastModified": 1734149316,
        "narHash": "sha256-jZweDJzvPz0Gfzt5d8hPwKezFH8zSJs1CA6TmKcB+N0=",
        "owner": "garnix-io",
        "repo": "garnix-lib",
        "rev": "54234ab543a7f0d4fdb65cc3dc620a35f39791ad",
        "type": "github"
      },
      "original": {
        "owner": "garnix-io",
        "ref": "ad/add-garnix-config-option",
        "repo": "garnix-lib",
        "type": "github"
      }
    },
    "nixpkgs": {
      "locked": {
        "lastModified": 1717196966,
        "narHash": "sha256-yZKhxVIKd2lsbOqYd5iDoUIwsRZFqE87smE2Vzf6Ck0=",
        "owner": "nixos",
        "repo": "nixpkgs",
        "rev": "57610d2f8f0937f39dbd72251e9614b1561942d8",
        "type": "github"
      },
      "original": {
        "owner": "nixos",
        "ref": "nixos-unstable",
        "repo": "nixpkgs",
        "type": "github"
      }
    },
    "nixpkgs_2": {
      "locked": {
        "lastModified": 1733550349,
        "narHash": "sha256-NcGumB4Lr6KSDq+nIqXtNA8QwAQKDSZT7N9OTGWbTrs=",
        "owner": "NixOS",
        "repo": "nixpkgs",
        "rev": "e2605d0744c2417b09f8bf850dfca42fcf537d34",
        "type": "github"
      },
      "original": {
        "owner": "NixOS",
        "ref": "nixos-24.11",
        "repo": "nixpkgs",
        "type": "github"
      }
    },
    "root": {
      "inputs": {
        "garnix-lib": "garnix-lib",
        "rust-module": "rust-module"
      }
    },
    "rust-module": {
      "inputs": {
        "crane": "crane",
        "nixpkgs": "nixpkgs_2"
      },
      "locked": {
        "lastModified": 1734150663,
        "narHash": "sha256-OL2ndoAO+yNGp0DaKlo3Vw923UgY37T43Sh9WymNQSk=",
        "owner": "garnix-io",
        "repo": "rust-module",
        "rev": "e17e4d4334b750925f0df671c1a377beb9f315ec",
        "type": "github"
      },
      "original": {
        "owner": "garnix-io",
        "ref": "ad/rework-rust-module-server-config",
        "repo": "rust-module",
        "type": "github"
      }
    }
  },
  "root": "root",
  "version": 7
}
