{
  "nodes": {
    "crane": {
      "locked": {
        "lastModified": 1733688869,
        "narHash": "sha256-KrhxxFj1CjESDrL5+u/zsVH0K+Ik9tvoac/oFPoxSB8=",
        "owner": "ipetkov",
        "repo": "crane",
        "rev": "604637106e420ad99907cae401e13ab6b452e7d9",
        "type": "github"
      },
      "original": {
        "owner": "ipetkov",
        "repo": "crane",
        "type": "github"
      }
    },
    "garnix-lib": {
      "inputs": {
        "nixpkgs": "nixpkgs"
      },
      "locked": {
        "lastModified": 1734545472,
        "narHash": "sha256-EUSChMKre9MOlGq0vxZWZlKmsK7R+jLZ+gyWMH1I8NY=",
        "owner": "garnix-io",
        "repo": "garnix-lib",
        "rev": "9ceb30a47e1ca5bcdfa3744da6c9cd27a4bdd141",
        "type": "github"
      },
      "original": {
        "owner": "garnix-io",
        "repo": "garnix-lib",
        "type": "github"
      }
    },
    "nixpkgs": {
      "locked": {
        "lastModified": 1717196966,
        "narHash": "sha256-yZKhxVIKd2lsbOqYd5iDoUIwsRZFqE87smE2Vzf6Ck0=",
        "owner": "nixos",
        "repo": "nixpkgs",
        "rev": "57610d2f8f0937f39dbd72251e9614b1561942d8",
        "type": "github"
      },
      "original": {
        "owner": "nixos",
        "ref": "nixos-unstable",
        "repo": "nixpkgs",
        "type": "github"
      }
    },
    "nixpkgs_2": {
      "locked": {
        "lastModified": 1733550349,
        "narHash": "sha256-NcGumB4Lr6KSDq+nIqXtNA8QwAQKDSZT7N9OTGWbTrs=",
        "owner": "NixOS",
        "repo": "nixpkgs",
        "rev": "e2605d0744c2417b09f8bf850dfca42fcf537d34",
        "type": "github"
      },
      "original": {
        "owner": "NixOS",
        "ref": "nixos-24.11",
        "repo": "nixpkgs",
        "type": "github"
      }
    },
    "root": {
      "inputs": {
        "garnix-lib": "garnix-lib",
        "rust-module": "rust-module"
      }
    },
    "rust-module": {
      "inputs": {
        "crane": "crane",
        "nixpkgs": "nixpkgs_2"
      },
      "locked": {
        "lastModified": 1734545585,
        "narHash": "sha256-B4HOfX9kDHQN0QI6DRbCUHaWg6isQRmlBocaH/TDCa8=",
        "owner": "garnix-io",
        "repo": "rust-module",
        "rev": "3dfa668ef5e077ae66dcb85d4e7cc64324481d18",
        "type": "github"
      },
      "original": {
        "owner": "garnix-io",
        "repo": "rust-module",
        "type": "github"
      }
    }
  },
  "root": "root",
  "version": 7
}
